
Microsoft Visual Studio Solution File, Format Version 12.00
# Visual Studio Version 17
VisualStudioVersion = 17.5.33424.131
MinimumVisualStudioVersion = 10.0.40219.1
Project("{9A19103F-16F7-4668-BE54-9A1E7A4F7556}") = "TestDomeSolutions", "TestConsoleApp\TestDomeSolutions.csproj", "{0A5BC035-1CBD-4B0A-A064-C68470E7EE2C}"
EndProject
Global
	GlobalSection(SolutionConfigurationPlatforms) = preSolution
		Debug|Any CPU = Debug|Any CPU
		Release|Any CPU = Release|Any CPU
	EndGlobalSection
	GlobalSection(ProjectConfigurationPlatforms) = postSolution
		{0A5BC035-1CBD-4B0A-A064-C68470E7EE2C}.Debug|Any CPU.ActiveCfg = Debug|Any CPU
		{0A5BC035-1CBD-4B0A-A064-C68470E7EE2C}.Debug|Any CPU.Build.0 = Debug|Any CPU
		{0A5BC035-1CBD-4B0A-A064-C68470E7EE2C}.Release|Any CPU.ActiveCfg = Release|Any CPU
		{0A5BC035-1CBD-4B0A-A064-C68470E7EE2C}.Release|Any CPU.Build.0 = Release|Any CPU
	EndGlobalSection
	GlobalSection(SolutionProperties) = preSolution
		HideSolutionNode = FALSE
	EndGlobalSection
	GlobalSection(ExtensibilityGlobals) = postSolution
		SolutionGuid = {E45E402C-4DBD-4DE0-9861-E08C320E40AF}
	EndGlobalSection
EndGlobal
